
Microsoft Visual Studio Solution File, Format Version 12.00
# Visual Studio Version 17
VisualStudioVersion = 17.3.32819.101
MinimumVisualStudioVersion = 10.0.40219.1
Project("{FAE04EC0-301F-11D3-BF4B-00C04F79EFBC}") = "uppgift 2.13", "uppgift 2.13\uppgift 2.13.csproj", "{95F76D56-C0AD-46CE-A618-C7F4C6FD44B9}"
EndProject
Global
	GlobalSection(SolutionConfigurationPlatforms) = preSolution
		Debug|Any CPU = Debug|Any CPU
		Release|Any CPU = Release|Any CPU
	EndGlobalSection
	GlobalSection(ProjectConfigurationPlatforms) = postSolution
		{95F76D56-C0AD-46CE-A618-C7F4C6FD44B9}.Debug|Any CPU.ActiveCfg = Debug|Any CPU
		{95F76D56-C0AD-46CE-A618-C7F4C6FD44B9}.Debug|Any CPU.Build.0 = Debug|Any CPU
		{95F76D56-C0AD-46CE-A618-C7F4C6FD44B9}.Release|Any CPU.ActiveCfg = Release|Any CPU
		{95F76D56-C0AD-46CE-A618-C7F4C6FD44B9}.Release|Any CPU.Build.0 = Release|Any CPU
	EndGlobalSection
	GlobalSection(SolutionProperties) = preSolution
		HideSolutionNode = FALSE
	EndGlobalSection
	GlobalSection(ExtensibilityGlobals) = postSolution
		SolutionGuid = {3BFA0A83-3159-4BC6-B28C-9AD8A1D1FA98}
	EndGlobalSection
EndGlobal
